<?xml version="1.0" encoding="utf-8"?>
<Project ToolsVersion="4.0" xmlns="http://schemas.microsoft.com/developer/msbuild/2003">
  <ItemGroup>
    <Filter Include="Source Files">
      <UniqueIdentifier>{4cc7ada3-3dcf-43b1-b183-f3729bbe1205}</UniqueIdentifier>
      <Extensions>cpp;c;cxx;rc;def;r;odl;idl;hpj;bat</Extensions>
    </Filter>
    <Filter Include="Header Files">
      <UniqueIdentifier>{2063f3a2-a837-4ae2-9bac-b5641a4b2962}</UniqueIdentifier>
      <Extensions>h;hpp;hxx;hm;inl</Extensions>
    </Filter>
    <Filter Include="Resource Files">
      <UniqueIdentifier>{3bacffe6-5b7e-4d5e-96f3-8e82f13d1495}</UniqueIdentifier>
      <Extensions>ico;cur;bmp;dlg;rc2;rct;bin;rgs;gif;jpg;jpeg;jpe</Extensions>
    </Filter>
  </ItemGroup>
  <ItemGroup>
    <ClCompile Include="StdAfx.cpp">
      <Filter>Source Files</Filter>
    </ClCompile>
    <ClCompile Include="UIActiveX.cpp">
      <Filter>Source Files</Filter>
    </ClCompile>
    <ClCompile Include="UIAnim.cpp">
      <Filter>Source Files</Filter>
    </ClCompile>
    <ClCompile Include="UIBase.cpp">
      <Filter>Source Files</Filter>
    </ClCompile>
    <ClCompile Include="UIBlue.cpp">
      <Filter>Source Files</Filter>
    </ClCompile>
    <ClCompile Include="UIButton.cpp">
      <Filter>Source Files</Filter>
    </ClCompile>
    <ClCompile Include="UICombo.cpp">
      <Filter>Source Files</Filter>
    </ClCompile>
    <ClCompile Include="UIContainer.cpp">
      <Filter>Source Files</Filter>
    </ClCompile>
    <ClCompile Include="UIDecoration.cpp">
      <Filter>Source Files</Filter>
    </ClCompile>
    <ClCompile Include="UIDlgBuilder.cpp">
      <Filter>Source Files</Filter>
    </ClCompile>
    <ClCompile Include="UIEdit.cpp">
      <Filter>Source Files</Filter>
    </ClCompile>
    <ClCompile Include="UILabel.cpp">
      <Filter>Source Files</Filter>
    </ClCompile>
    <ClCompile Include="UIlib.cpp">
      <Filter>Source Files</Filter>
    </ClCompile>
    <ClCompile Include="UIList.cpp">
      <Filter>Source Files</Filter>
    </ClCompile>
    <ClCompile Include="UIManager.cpp">
      <Filter>Source Files</Filter>
    </ClCompile>
    <ClCompile Include="UIMarkup.cpp">
      <Filter>Source Files</Filter>
    </ClCompile>
    <ClCompile Include="UIPanel.cpp">
      <Filter>Source Files</Filter>
    </ClCompile>
    <ClCompile Include="UITab.cpp">
      <Filter>Source Files</Filter>
    </ClCompile>
    <ClCompile Include="UITool.cpp">
      <Filter>Source Files</Filter>
    </ClCompile>
  </ItemGroup>
  <ItemGroup>
    <ClInclude Include="Internal.h">
      <Filter>Header Files</Filter>
    </ClInclude>
    <ClInclude Include="StdAfx.h">
      <Filter>Header Files</Filter>
    </ClInclude>
    <ClInclude Include="UIActiveX.h">
      <Filter>Header Files</Filter>
    </ClInclude>
    <ClInclude Include="UIAnim.h">
      <Filter>Header Files</Filter>
    </ClInclude>
    <ClInclude Include="UIBase.h">
      <Filter>Header Files</Filter>
    </ClInclude>
    <ClInclude Include="UIBlue.h">
      <Filter>Header Files</Filter>
    </ClInclude>
    <ClInclude Include="UIButton.h">
      <Filter>Header Files</Filter>
    </ClInclude>
    <ClInclude Include="UICombo.h">
      <Filter>Header Files</Filter>
    </ClInclude>
    <ClInclude Include="UIContainer.h">
      <Filter>Header Files</Filter>
    </ClInclude>
    <ClInclude Include="UIDecoration.h">
      <Filter>Header Files</Filter>
    </ClInclude>
    <ClInclude Include="UIDlgBuilder.h">
      <Filter>Header Files</Filter>
    </ClInclude>
    <ClInclude Include="UIEdit.h">
      <Filter>Header Files</Filter>
    </ClInclude>
    <ClInclude Include="UILabel.h">
      <Filter>Header Files</Filter>
    </ClInclude>
    <ClInclude Include="UIlib.h">
      <Filter>Header Files</Filter>
    </ClInclude>
    <ClInclude Include="UIList.h">
      <Filter>Header Files</Filter>
    </ClInclude>
    <ClInclude Include="UIManager.h">
      <Filter>Header Files</Filter>
    </ClInclude>
    <ClInclude Include="UIMarkup.h">
      <Filter>Header Files</Filter>
    </ClInclude>
    <ClInclude Include="UIPanel.h">
      <Filter>Header Files</Filter>
    </ClInclude>
    <ClInclude Include="UITab.h">
      <Filter>Header Files</Filter>
    </ClInclude>
    <ClInclude Include="UITool.h">
      <Filter>Header Files</Filter>
    </ClInclude>
  </ItemGroup>
</Project>